PODS:
  - Bolts (1.6.0):
    - Bolts/AppLinks (= 1.6.0)
    - Bolts/Tasks (= 1.6.0)
  - Bolts/AppLinks (1.6.0):
    - Bolts/Tasks
  - Bolts/Tasks (1.6.0)
  - CCMPopup (1.1.0)
  - DateTools (1.7.0)
  - FBSDKCoreKit (4.10.0):
    - Bolts (~> 1.5)
  - FBSDKLoginKit (4.10.0):
    - FBSDKCoreKit
  - FBSDKShareKit (4.10.0):
    - FBSDKCoreKit
  - Mixpanel (2.9.3):
    - Mixpanel/Mixpanel (= 2.9.3)
  - Mixpanel/Mixpanel (2.9.3)
  - SwiftyJSON (2.3.2)

DEPENDENCIES:
  - CCMPopup
  - DateTools
  - FBSDKCoreKit
  - FBSDKLoginKit
  - FBSDKShareKit
  - Mixpanel
  - SwiftyJSON (~> 2.1)

SPEC CHECKSUMS:
  Bolts: f52a250053bb517ca874523c3913776359ab3def
  CCMPopup: e41fad5b8a0823c9cddea8eab6d431670c9dabe5
  DateTools: 53288ee8b905fdc75897a1e6b5cc0144b14cba60
  FBSDKCoreKit: 13bec8373fb3af94d44daf2aa1e0958687897fbd
  FBSDKLoginKit: d3d4a2e9d31954deb00bfea964167a05ca1ea976
  FBSDKShareKit: 54587b4624706ace1e810cf83412a918141f807a
  Mixpanel: b9ff1c5d41fc07037d4b813bf2799c050ee3e49b
  SwiftyJSON: 04ccea08915aa0109039157c7974cf0298da292a

COCOAPODS: 0.39.0
